{
  "meteor": {},
  "dependencies": {
    "basePackages": {
      "jquery-ui": {},
      "font-awesome": {},
      "moment": {},
      "iron-router": {},
      "npm": {},
      "bootstrap-datepicker": {
        "git": "https://github.com/freshjones/meteor-bootstrap-datepicker.git",
        "branch": "master"
      },
      "bootstrap-3": {},
      "managedUsers": {},
      "parsleyjs": {},
      "jqbootstrapvalidation": {},
      "bootstrap-3-switch": {},
      "accounting": {},
      "crypto-md5": {},
      "crypto-aes": {},
      "crypto-sha1": {},
      "crypto-base64": {},
      "crypto-hmac": {}
    },
    "packages": {
      "jquery-ui": {
        "git": "https://github.com/TimHeckel/meteor-jquery-ui.git",
        "tag": "v1.9.2",
        "commit": "c437d45edcf1367df8d5ffa8bad2867758030bd2"
      },
      "font-awesome": {
        "git": "https://github.com/nate-strauser/meteor-font-awesome.git",
        "tag": "v4.0.3",
        "commit": "61e9361384347547ae144f8228faa4deffda23db"
      },
      "moment": {
        "git": "https://github.com/acreeger/meteor-moment.git",
        "tag": "v2.2.1",
        "commit": "9ee12e714afe56b189f53076447b7b54f3012065"
      },
      "iron-router": {
        "git": "https://github.com/EventedMind/iron-router.git",
        "tag": "v0.6.2",
        "commit": "ce56e58b45624dce992490f3a1c10f10d3948bae"
      },
      "npm": {
        "git": "https://github.com/arunoda/meteor-npm.git",
        "tag": "v0.2.6",
        "commit": "177ab6118de5bf8cffb19481343d5762ff7a2aaf"
      },
      "bootstrap-datepicker": {
        "git": "https://github.com/freshjones/meteor-bootstrap-datepicker.git",
        "branch": "master",
        "commit": "7c7992981969a2113d1887369e7c62a34260b5ce"
      },
      "bootstrap-3": {
        "git": "https://github.com/mangasocial/meteor-bootstrap-3.git",
        "tag": "v0.3.7",
        "commit": "5dd0d142c870647b910be80bc777b96f0dd45e5e"
      },
      "managedUsers": {
        "git": "https://github.com/jzgoda/managedUsers.git",
        "tag": "v0.1.6",
        "commit": "becaa15e37cddb28d0da26bb57015c92242d2915"
      },
      "parsleyjs": {
        "git": "https://github.com/nate-strauser/meteor-parsleyjs.git",
        "tag": "v1.1.7",
        "commit": "035a1e56a78e50369686b7e281aa71e3daf3729a"
      },
      "jqbootstrapvalidation": {
        "git": "https://github.com/nate-strauser/meteor-jqbootstrapvalidation.git",
        "tag": "v0.1.0",
        "commit": "2af4625d41a9b24311544a53790f14fa38c27b10"
      },
      "bootstrap-3-switch": {
        "git": "https://github.com/joshorig/meteor-bootstrap-3-switch.git",
        "tag": "v0.0.3",
        "commit": "0d2f24b5ae2857d41eb945b5c2cec1c31a02d0d6"
      },
      "accounting": {
        "git": "https://github.com/IainShigeoka/meteor-accounting.git",
        "tag": "v0.3.2.3",
        "commit": "330cf532e6ac7282cf85ef3b83a54c1a25f5bdae"
      },
      "crypto-md5": {
        "git": "https://github.com/oortcloud/meteor-crypto-md5.git",
        "tag": "v3.1.2.2",
        "commit": "75bbb3eeace302122d3554a6212a6fe92553fa18"
      },
      "crypto-aes": {
        "git": "https://github.com/onepixelsolid/meteor-crypto-aes.git",
        "tag": "v0.0.2",
        "commit": "bcc93266360e2c7c28bdf8ebb9afba94a3bdbeeb"
      },
      "crypto-sha1": {
        "git": "https://github.com/dandv/meteor-crypto-sha1.git",
        "tag": "v3.1.2.1",
        "commit": "f5c87d44aa4bdda6b33c7e2c21ea396d9d0f436d"
      },
      "crypto-base64": {
        "git": "https://github.com/dandv/meteor-crypto-base64.git",
        "tag": "v3.1.2.0",
        "commit": "03e523e80faaf7b10191ea50493414bec7cd0e3d"
      },
      "crypto-hmac": {
        "git": "https://github.com/oortcloud/meteor-crypto-hmac.git",
        "tag": "v3.1.2.0",
        "commit": "7c9d1b96c682982cb75f2fd6c75fc7663b5b361e"
      },
      "crypto-base": {
        "git": "https://github.com/oortcloud/meteor-crypto-base.git",
        "tag": "v3.1.2.1",
        "commit": "5df8d82a0595553415bbfae2930c6ecbeece5794"
      }
    }
  }
}
